
Microsoft Visual Studio Solution File, Format Version 12.00
# Visual Studio Version 17
VisualStudioVersion = 17.6.33723.286
MinimumVisualStudioVersion = 10.0.40219.1
Project("{FAE04EC0-301F-11D3-BF4B-00C04F79EFBC}") = "ChatProgramServer", "ChatProgramServer\ChatProgramServer.csproj", "{4974343C-1E4E-43DD-89AE-5AD4B2D48672}"
EndProject
Global
	GlobalSection(SolutionConfigurationPlatforms) = preSolution
		Debug|Any CPU = Debug|Any CPU
		Release|Any CPU = Release|Any CPU
	EndGlobalSection
	GlobalSection(ProjectConfigurationPlatforms) = postSolution
		{4974343C-1E4E-43DD-89AE-5AD4B2D48672}.Debug|Any CPU.ActiveCfg = Debug|Any CPU
		{4974343C-1E4E-43DD-89AE-5AD4B2D48672}.Debug|Any CPU.Build.0 = Debug|Any CPU
		{4974343C-1E4E-43DD-89AE-5AD4B2D48672}.Release|Any CPU.ActiveCfg = Release|Any CPU
		{4974343C-1E4E-43DD-89AE-5AD4B2D48672}.Release|Any CPU.Build.0 = Release|Any CPU
	EndGlobalSection
	GlobalSection(SolutionProperties) = preSolution
		HideSolutionNode = FALSE
	EndGlobalSection
	GlobalSection(ExtensibilityGlobals) = postSolution
		SolutionGuid = {2983B6C4-1A4C-4FDE-A9D3-239992FD39F1}
	EndGlobalSection
EndGlobal
